// !$*UTF8*$!
{
	archiveVersion = 1;
	classes = {
	};
	objectVersion = 56;
	objects = {

/* Begin PBXBuildFile section */
		83005E27298FAE1A000CFBCB /* main.swift in Sources */ = {isa = PBXBuildFile; fileRef = 83005E26298FAE1A000CFBCB /* main.swift */; };
		83005E2F298FAE3F000CFBCB /* Queue.swift in Sources */ = {isa = PBXBuildFile; fileRef = 83005E2E298FAE3F000CFBCB /* Queue.swift */; };
		83005E32298FAE6F000CFBCB /* Heap.swift in Sources */ = {isa = PBXBuildFile; fileRef = 83005E31298FAE6F000CFBCB /* Heap.swift */; };
		83005E35298FAEA3000CFBCB /* AbstractGraph.swift in Sources */ = {isa = PBXBuildFile; fileRef = 83005E34298FAEA3000CFBCB /* AbstractGraph.swift */; };
		83005E37298FAEB1000CFBCB /* Vertex.swift in Sources */ = {isa = PBXBuildFile; fileRef = 83005E36298FAEB1000CFBCB /* Vertex.swift */; };
		83005E39298FAEC2000CFBCB /* Edge.swift in Sources */ = {isa = PBXBuildFile; fileRef = 83005E38298FAEC2000CFBCB /* Edge.swift */; };
		83005E3B298FAEFA000CFBCB /* AdjacencyListGraph.swift in Sources */ = {isa = PBXBuildFile; fileRef = 83005E3A298FAEFA000CFBCB /* AdjacencyListGraph.swift */; };
		83005E3D298FAF08000CFBCB /* AdjacencyMatrixGraph.swift in Sources */ = {isa = PBXBuildFile; fileRef = 83005E3C298FAF08000CFBCB /* AdjacencyMatrixGraph.swift */; };
		83005E40298FAFD9000CFBCB /* breadthFirstSearch.swift in Sources */ = {isa = PBXBuildFile; fileRef = 83005E3F298FAFD9000CFBCB /* breadthFirstSearch.swift */; };
		83005E432990D782000CFBCB /* deapthFristSearch.swift in Sources */ = {isa = PBXBuildFile; fileRef = 83005E422990D782000CFBCB /* deapthFristSearch.swift */; };
		83005E462990D7CC000CFBCB /* Stack.swift in Sources */ = {isa = PBXBuildFile; fileRef = 83005E452990D7CC000CFBCB /* Stack.swift */; };
		83005E492990EDA3000CFBCB /* Dijkstra.swift in Sources */ = {isa = PBXBuildFile; fileRef = 83005E482990EDA3000CFBCB /* Dijkstra.swift */; };
/* End PBXBuildFile section */

/* Begin PBXCopyFilesBuildPhase section */
		83005E21298FAE1A000CFBCB /* CopyFiles */ = {
			isa = PBXCopyFilesBuildPhase;
			buildActionMask = 2147483647;
			dstPath = /usr/share/man/man1/;
			dstSubfolderSpec = 0;
			files = (
			);
			runOnlyForDeploymentPostprocessing = 1;
		};
/* End PBXCopyFilesBuildPhase section */

/* Begin PBXFileReference section */
		83005E23298FAE1A000CFBCB /* Swift-algorithms */ = {isa = PBXFileReference; explicitFileType = "compiled.mach-o.executable"; includeInIndex = 0; path = "Swift-algorithms"; sourceTree = BUILT_PRODUCTS_DIR; };
		83005E26298FAE1A000CFBCB /* main.swift */ = {isa = PBXFileReference; lastKnownFileType = sourcecode.swift; path = main.swift; sourceTree = "<group>"; };
		83005E2E298FAE3F000CFBCB /* Queue.swift */ = {isa = PBXFileReference; lastKnownFileType = sourcecode.swift; path = Queue.swift; sourceTree = "<group>"; };
		83005E31298FAE6F000CFBCB /* Heap.swift */ = {isa = PBXFileReference; lastKnownFileType = sourcecode.swift; path = Heap.swift; sourceTree = "<group>"; };
		83005E34298FAEA3000CFBCB /* AbstractGraph.swift */ = {isa = PBXFileReference; lastKnownFileType = sourcecode.swift; path = AbstractGraph.swift; sourceTree = "<group>"; };
		83005E36298FAEB1000CFBCB /* Vertex.swift */ = {isa = PBXFileReference; lastKnownFileType = sourcecode.swift; path = Vertex.swift; sourceTree = "<group>"; };
		83005E38298FAEC2000CFBCB /* Edge.swift */ = {isa = PBXFileReference; lastKnownFileType = sourcecode.swift; path = Edge.swift; sourceTree = "<group>"; };
		83005E3A298FAEFA000CFBCB /* AdjacencyListGraph.swift */ = {isa = PBXFileReference; lastKnownFileType = sourcecode.swift; path = AdjacencyListGraph.swift; sourceTree = "<group>"; };
		83005E3C298FAF08000CFBCB /* AdjacencyMatrixGraph.swift */ = {isa = PBXFileReference; lastKnownFileType = sourcecode.swift; path = AdjacencyMatrixGraph.swift; sourceTree = "<group>"; };
		83005E3F298FAFD9000CFBCB /* breadthFirstSearch.swift */ = {isa = PBXFileReference; lastKnownFileType = sourcecode.swift; path = breadthFirstSearch.swift; sourceTree = "<group>"; };
		83005E422990D782000CFBCB /* deapthFristSearch.swift */ = {isa = PBXFileReference; lastKnownFileType = sourcecode.swift; path = deapthFristSearch.swift; sourceTree = "<group>"; };
		83005E452990D7CC000CFBCB /* Stack.swift */ = {isa = PBXFileReference; lastKnownFileType = sourcecode.swift; path = Stack.swift; sourceTree = "<group>"; };
		83005E482990EDA3000CFBCB /* Dijkstra.swift */ = {isa = PBXFileReference; lastKnownFileType = sourcecode.swift; path = Dijkstra.swift; sourceTree = "<group>"; };
/* End PBXFileReference section */

/* Begin PBXFrameworksBuildPhase section */
		83005E20298FAE1A000CFBCB /* Frameworks */ = {
			isa = PBXFrameworksBuildPhase;
			buildActionMask = 2147483647;
			files = (
			);
			runOnlyForDeploymentPostprocessing = 0;
		};
/* End PBXFrameworksBuildPhase section */

/* Begin PBXGroup section */
		83005E1A298FAE1A000CFBCB = {
			isa = PBXGroup;
			children = (
				83005E25298FAE1A000CFBCB /* Swift-algorithms */,
				83005E24298FAE1A000CFBCB /* Products */,
			);
			sourceTree = "<group>";
		};
		83005E24298FAE1A000CFBCB /* Products */ = {
			isa = PBXGroup;
			children = (
				83005E23298FAE1A000CFBCB /* Swift-algorithms */,
			);
			name = Products;
			sourceTree = "<group>";
		};
		83005E25298FAE1A000CFBCB /* Swift-algorithms */ = {
			isa = PBXGroup;
			children = (
				83005E442990D7C5000CFBCB /* Stack */,
				83005E33298FAE93000CFBCB /* Graph */,
				83005E30298FAE5B000CFBCB /* Heap */,
				83005E2D298FAE21000CFBCB /* Queue */,
				83005E26298FAE1A000CFBCB /* main.swift */,
			);
			path = "Swift-algorithms";
			sourceTree = "<group>";
		};
		83005E2D298FAE21000CFBCB /* Queue */ = {
			isa = PBXGroup;
			children = (
				83005E2E298FAE3F000CFBCB /* Queue.swift */,
			);
			path = Queue;
			sourceTree = "<group>";
		};
		83005E30298FAE5B000CFBCB /* Heap */ = {
			isa = PBXGroup;
			children = (
				83005E31298FAE6F000CFBCB /* Heap.swift */,
			);
			path = Heap;
			sourceTree = "<group>";
		};
		83005E33298FAE93000CFBCB /* Graph */ = {
			isa = PBXGroup;
			children = (
				83005E472990ED8D000CFBCB /* Dijkstra */,
				83005E412990D771000CFBCB /* DFS */,
				83005E3E298FAFC5000CFBCB /* BFS */,
				83005E34298FAEA3000CFBCB /* AbstractGraph.swift */,
				83005E36298FAEB1000CFBCB /* Vertex.swift */,
				83005E38298FAEC2000CFBCB /* Edge.swift */,
				83005E3A298FAEFA000CFBCB /* AdjacencyListGraph.swift */,
				83005E3C298FAF08000CFBCB /* AdjacencyMatrixGraph.swift */,
			);
			path = Graph;
			sourceTree = "<group>";
		};
		83005E3E298FAFC5000CFBCB /* BFS */ = {
			isa = PBXGroup;
			children = (
				83005E3F298FAFD9000CFBCB /* breadthFirstSearch.swift */,
			);
			path = BFS;
			sourceTree = "<group>";
		};
		83005E412990D771000CFBCB /* DFS */ = {
			isa = PBXGroup;
			children = (
				83005E422990D782000CFBCB /* deapthFristSearch.swift */,
			);
			path = DFS;
			sourceTree = "<group>";
		};
		83005E442990D7C5000CFBCB /* Stack */ = {
			isa = PBXGroup;
			children = (
				83005E452990D7CC000CFBCB /* Stack.swift */,
			);
			path = Stack;
			sourceTree = "<group>";
		};
		83005E472990ED8D000CFBCB /* Dijkstra */ = {
			isa = PBXGroup;
			children = (
				83005E482990EDA3000CFBCB /* Dijkstra.swift */,
			);
			path = Dijkstra;
			sourceTree = "<group>";
		};
/* End PBXGroup section */

/* Begin PBXNativeTarget section */
		83005E22298FAE1A000CFBCB /* Swift-algorithms */ = {
			isa = PBXNativeTarget;
			buildConfigurationList = 83005E2A298FAE1A000CFBCB /* Build configuration list for PBXNativeTarget "Swift-algorithms" */;
			buildPhases = (
				83005E1F298FAE1A000CFBCB /* Sources */,
				83005E20298FAE1A000CFBCB /* Frameworks */,
				83005E21298FAE1A000CFBCB /* CopyFiles */,
			);
			buildRules = (
			);
			dependencies = (
			);
			name = "Swift-algorithms";
			productName = "Swift-algorithms";
			productReference = 83005E23298FAE1A000CFBCB /* Swift-algorithms */;
			productType = "com.apple.product-type.tool";
		};
/* End PBXNativeTarget section */

/* Begin PBXProject section */
		83005E1B298FAE1A000CFBCB /* Project object */ = {
			isa = PBXProject;
			attributes = {
				BuildIndependentTargetsInParallel = 1;
				LastSwiftUpdateCheck = 1420;
				LastUpgradeCheck = 1420;
				TargetAttributes = {
					83005E22298FAE1A000CFBCB = {
						CreatedOnToolsVersion = 14.2;
					};
				};
			};
			buildConfigurationList = 83005E1E298FAE1A000CFBCB /* Build configuration list for PBXProject "Swift-algorithms" */;
			compatibilityVersion = "Xcode 14.0";
			developmentRegion = en;
			hasScannedForEncodings = 0;
			knownRegions = (
				en,
				Base,
			);
			mainGroup = 83005E1A298FAE1A000CFBCB;
			productRefGroup = 83005E24298FAE1A000CFBCB /* Products */;
			projectDirPath = "";
			projectRoot = "";
			targets = (
				83005E22298FAE1A000CFBCB /* Swift-algorithms */,
			);
		};
/* End PBXProject section */

/* Begin PBXSourcesBuildPhase section */
		83005E1F298FAE1A000CFBCB /* Sources */ = {
			isa = PBXSourcesBuildPhase;
			buildActionMask = 2147483647;
			files = (
				83005E35298FAEA3000CFBCB /* AbstractGraph.swift in Sources */,
				83005E32298FAE6F000CFBCB /* Heap.swift in Sources */,
				83005E39298FAEC2000CFBCB /* Edge.swift in Sources */,
				83005E27298FAE1A000CFBCB /* main.swift in Sources */,
				83005E3B298FAEFA000CFBCB /* AdjacencyListGraph.swift in Sources */,
				83005E492990EDA3000CFBCB /* Dijkstra.swift in Sources */,
				83005E462990D7CC000CFBCB /* Stack.swift in Sources */,
				83005E37298FAEB1000CFBCB /* Vertex.swift in Sources */,
				83005E3D298FAF08000CFBCB /* AdjacencyMatrixGraph.swift in Sources */,
				83005E40298FAFD9000CFBCB /* breadthFirstSearch.swift in Sources */,
				83005E432990D782000CFBCB /* deapthFristSearch.swift in Sources */,
				83005E2F298FAE3F000CFBCB /* Queue.swift in Sources */,
			);
			runOnlyForDeploymentPostprocessing = 0;
		};
/* End PBXSourcesBuildPhase section */

/* Begin XCBuildConfiguration section */
		83005E28298FAE1A000CFBCB /* Debug */ = {
			isa = XCBuildConfiguration;
			buildSettings = {
				ALWAYS_SEARCH_USER_PATHS = NO;
				CLANG_ANALYZER_NONNULL = YES;
				CLANG_ANALYZER_NUMBER_OBJECT_CONVERSION = YES_AGGRESSIVE;
				CLANG_CXX_LANGUAGE_STANDARD = "gnu++20";
				CLANG_ENABLE_MODULES = YES;
				CLANG_ENABLE_OBJC_ARC = YES;
				CLANG_ENABLE_OBJC_WEAK = YES;
				CLANG_WARN_BLOCK_CAPTURE_AUTORELEASING = YES;
				CLANG_WARN_BOOL_CONVERSION = YES;
				CLANG_WARN_COMMA = YES;
				CLANG_WARN_CONSTANT_CONVERSION = YES;
				CLANG_WARN_DEPRECATED_OBJC_IMPLEMENTATIONS = YES;
				CLANG_WARN_DIRECT_OBJC_ISA_USAGE = YES_ERROR;
				CLANG_WARN_DOCUMENTATION_COMMENTS = YES;
				CLANG_WARN_EMPTY_BODY = YES;
				CLANG_WARN_ENUM_CONVERSION = YES;
				CLANG_WARN_INFINITE_RECURSION = YES;
				CLANG_WARN_INT_CONVERSION = YES;
				CLANG_WARN_NON_LITERAL_NULL_CONVERSION = YES;
				CLANG_WARN_OBJC_IMPLICIT_RETAIN_SELF = YES;
				CLANG_WARN_OBJC_LITERAL_CONVERSION = YES;
				CLANG_WARN_OBJC_ROOT_CLASS = YES_ERROR;
				CLANG_WARN_QUOTED_INCLUDE_IN_FRAMEWORK_HEADER = YES;
				CLANG_WARN_RANGE_LOOP_ANALYSIS = YES;
				CLANG_WARN_STRICT_PROTOTYPES = YES;
				CLANG_WARN_SUSPICIOUS_MOVE = YES;
				CLANG_WARN_UNGUARDED_AVAILABILITY = YES_AGGRESSIVE;
				CLANG_WARN_UNREACHABLE_CODE = YES;
				CLANG_WARN__DUPLICATE_METHOD_MATCH = YES;
				COPY_PHASE_STRIP = NO;
				DEBUG_INFORMATION_FORMAT = dwarf;
				ENABLE_STRICT_OBJC_MSGSEND = YES;
				ENABLE_TESTABILITY = YES;
				GCC_C_LANGUAGE_STANDARD = gnu11;
				GCC_DYNAMIC_NO_PIC = NO;
				GCC_NO_COMMON_BLOCKS = YES;
				GCC_OPTIMIZATION_LEVEL = 0;
				GCC_PREPROCESSOR_DEFINITIONS = (
					"DEBUG=1",
					"$(inherited)",
				);
				GCC_WARN_64_TO_32_BIT_CONVERSION = YES;
				GCC_WARN_ABOUT_RETURN_TYPE = YES_ERROR;
				GCC_WARN_UNDECLARED_SELECTOR = YES;
				GCC_WARN_UNINITIALIZED_AUTOS = YES_AGGRESSIVE;
				GCC_WARN_UNUSED_FUNCTION = YES;
				GCC_WARN_UNUSED_VARIABLE = YES;
				MACOSX_DEPLOYMENT_TARGET = 13.1;
				MTL_ENABLE_DEBUG_INFO = INCLUDE_SOURCE;
				MTL_FAST_MATH = YES;
				ONLY_ACTIVE_ARCH = YES;
				SDKROOT = macosx;
				SWIFT_ACTIVE_COMPILATION_CONDITIONS = DEBUG;
				SWIFT_OPTIMIZATION_LEVEL = "-Onone";
			};
			name = Debug;
		};
		83005E29298FAE1A000CFBCB /* Release */ = {
			isa = XCBuildConfiguration;
			buildSettings = {
				ALWAYS_SEARCH_USER_PATHS = NO;
				CLANG_ANALYZER_NONNULL = YES;
				CLANG_ANALYZER_NUMBER_OBJECT_CONVERSION = YES_AGGRESSIVE;
				CLANG_CXX_LANGUAGE_STANDARD = "gnu++20";
				CLANG_ENABLE_MODULES = YES;
				CLANG_ENABLE_OBJC_ARC = YES;
				CLANG_ENABLE_OBJC_WEAK = YES;
				CLANG_WARN_BLOCK_CAPTURE_AUTORELEASING = YES;
				CLANG_WARN_BOOL_CONVERSION = YES;
				CLANG_WARN_COMMA = YES;
				CLANG_WARN_CONSTANT_CONVERSION = YES;
				CLANG_WARN_DEPRECATED_OBJC_IMPLEMENTATIONS = YES;
				CLANG_WARN_DIRECT_OBJC_ISA_USAGE = YES_ERROR;
				CLANG_WARN_DOCUMENTATION_COMMENTS = YES;
				CLANG_WARN_EMPTY_BODY = YES;
				CLANG_WARN_ENUM_CONVERSION = YES;
				CLANG_WARN_INFINITE_RECURSION = YES;
				CLANG_WARN_INT_CONVERSION = YES;
				CLANG_WARN_NON_LITERAL_NULL_CONVERSION = YES;
				CLANG_WARN_OBJC_IMPLICIT_RETAIN_SELF = YES;
				CLANG_WARN_OBJC_LITERAL_CONVERSION = YES;
				CLANG_WARN_OBJC_ROOT_CLASS = YES_ERROR;
				CLANG_WARN_QUOTED_INCLUDE_IN_FRAMEWORK_HEADER = YES;
				CLANG_WARN_RANGE_LOOP_ANALYSIS = YES;
				CLANG_WARN_STRICT_PROTOTYPES = YES;
				CLANG_WARN_SUSPICIOUS_MOVE = YES;
				CLANG_WARN_UNGUARDED_AVAILABILITY = YES_AGGRESSIVE;
				CLANG_WARN_UNREACHABLE_CODE = YES;
				CLANG_WARN__DUPLICATE_METHOD_MATCH = YES;
				COPY_PHASE_STRIP = NO;
				DEBUG_INFORMATION_FORMAT = "dwarf-with-dsym";
				ENABLE_NS_ASSERTIONS = NO;
				ENABLE_STRICT_OBJC_MSGSEND = YES;
				GCC_C_LANGUAGE_STANDARD = gnu11;
				GCC_NO_COMMON_BLOCKS = YES;
				GCC_WARN_64_TO_32_BIT_CONVERSION = YES;
				GCC_WARN_ABOUT_RETURN_TYPE = YES_ERROR;
				GCC_WARN_UNDECLARED_SELECTOR = YES;
				GCC_WARN_UNINITIALIZED_AUTOS = YES_AGGRESSIVE;
				GCC_WARN_UNUSED_FUNCTION = YES;
				GCC_WARN_UNUSED_VARIABLE = YES;
				MACOSX_DEPLOYMENT_TARGET = 13.1;
				MTL_ENABLE_DEBUG_INFO = NO;
				MTL_FAST_MATH = YES;
				SDKROOT = macosx;
				SWIFT_COMPILATION_MODE = wholemodule;
				SWIFT_OPTIMIZATION_LEVEL = "-O";
			};
			name = Release;
		};
		83005E2B298FAE1A000CFBCB /* Debug */ = {
			isa = XCBuildConfiguration;
			buildSettings = {
				CODE_SIGN_STYLE = Automatic;
				PRODUCT_NAME = "$(TARGET_NAME)";
				SWIFT_VERSION = 5.0;
			};
			name = Debug;
		};
		83005E2C298FAE1A000CFBCB /* Release */ = {
			isa = XCBuildConfiguration;
			buildSettings = {
				CODE_SIGN_STYLE = Automatic;
				PRODUCT_NAME = "$(TARGET_NAME)";
				SWIFT_VERSION = 5.0;
			};
			name = Release;
		};
/* End XCBuildConfiguration section */

/* Begin XCConfigurationList section */
		83005E1E298FAE1A000CFBCB /* Build configuration list for PBXProject "Swift-algorithms" */ = {
			isa = XCConfigurationList;
			buildConfigurations = (
				83005E28298FAE1A000CFBCB /* Debug */,
				83005E29298FAE1A000CFBCB /* Release */,
			);
			defaultConfigurationIsVisible = 0;
			defaultConfigurationName = Release;
		};
		83005E2A298FAE1A000CFBCB /* Build configuration list for PBXNativeTarget "Swift-algorithms" */ = {
			isa = XCConfigurationList;
			buildConfigurations = (
				83005E2B298FAE1A000CFBCB /* Debug */,
				83005E2C298FAE1A000CFBCB /* Release */,
			);
			defaultConfigurationIsVisible = 0;
			defaultConfigurationName = Release;
		};
/* End XCConfigurationList section */
	};
	rootObject = 83005E1B298FAE1A000CFBCB /* Project object */;
}
